{
  "name": "apiece",
  "version": "0.0.1",
  "lockfileVersion": 1,
  "requires": true,
  "dependencies": {
    "@types/json-schema": {
      "version": "7.0.3",
      "resolved": "https://registry.npmjs.org/@types/json-schema/-/json-schema-7.0.3.tgz",
      "integrity": "sha512-Il2DtDVRGDcqjDtE+rF8iqg1CArehSK84HZJCT7AMITlyXRBpuPhqGLDQMowraqqu1coEaimg4ZOqggt6L6L+A=="
    },
    "@types/node": {
      "version": "12.0.2",
      "resolved": "https://registry.npmjs.org/@types/node/-/node-12.0.2.tgz",
      "integrity": "sha512-5tabW/i+9mhrfEOUcLDu2xBPsHJ+X5Orqy9FKpale3SjDA17j5AEpYq5vfy3oAeAHGcvANRCO3NV3d2D6q3NiA==",
      "dev": true
    },
    "marked-ts": {
      "version": "1.0.0-beta.4",
      "resolved": "https://registry.npmjs.org/marked-ts/-/marked-ts-1.0.0-beta.4.tgz",
      "integrity": "sha512-Fbddb1zRybfQkpZ19QgBlggB4ALlaDnVlF0uP6oaCPgFCNvsVlhnWrSxoqKsZtIdlhbwmSt4VWuq2OfdH1GNng==",
      "requires": {
        "typescript": "^2.6.2"
      }
    },
    "preact": {
      "version": "8.4.2",
      "resolved": "https://registry.npmjs.org/preact/-/preact-8.4.2.tgz",
      "integrity": "sha512-TsINETWiisfB6RTk0wh3/mvxbGRvx+ljeBccZ4Z6MPFKgu/KFGyf2Bmw3Z/jlXhL5JlNKY6QAbA9PVyzIy9//A=="
    },
    "typescript": {
      "version": "2.9.2",
      "resolved": "https://registry.npmjs.org/typescript/-/typescript-2.9.2.tgz",
      "integrity": "sha512-Gr4p6nFNaoufRIY4NMdpQRNmgxVIGMs4Fcu/ujdYk3nAZqk7supzBE9idmvfZIlH/Cuj//dvi+019qEue9lV0w==",
      "optional": true
    }
  }
}
