{
  "name": "rsdoc",
  "version": "1.0.0",
  "lockfileVersion": 1,
  "requires": true,
  "dependencies": {
    "marked-ts": {
      "version": "1.0.0-beta.4",
      "resolved": "https://registry.npmjs.org/marked-ts/-/marked-ts-1.0.0-beta.4.tgz",
      "integrity": "sha512-Fbddb1zRybfQkpZ19QgBlggB4ALlaDnVlF0uP6oaCPgFCNvsVlhnWrSxoqKsZtIdlhbwmSt4VWuq2OfdH1GNng==",
      "requires": {
        "typescript": "^2.6.2"
      }
    },
    "preact": {
      "version": "8.4.2",
      "resolved": "https://registry.npmjs.org/preact/-/preact-8.4.2.tgz",
      "integrity": "sha512-TsINETWiisfB6RTk0wh3/mvxbGRvx+ljeBccZ4Z6MPFKgu/KFGyf2Bmw3Z/jlXhL5JlNKY6QAbA9PVyzIy9//A=="
    },
    "typescript": {
      "version": "2.9.2",
      "resolved": "https://registry.npmjs.org/typescript/-/typescript-2.9.2.tgz",
      "integrity": "sha512-Gr4p6nFNaoufRIY4NMdpQRNmgxVIGMs4Fcu/ujdYk3nAZqk7supzBE9idmvfZIlH/Cuj//dvi+019qEue9lV0w==",
      "optional": true
    }
  }
}
